
Microsoft Visual Studio Solution File, Format Version 12.00
# Visual Studio 15
VisualStudioVersion = 15.0.27130.2020
MinimumVisualStudioVersion = 10.0.40219.1
Project("{8BC9CEB8-8B4A-11D0-8D11-00A0C91BC942}") = "zad6", "zad6\zad6.vcxproj", "{CEF64395-00F9-4543-A402-17618FD8C1E6}"
EndProject
Global
	GlobalSection(SolutionConfigurationPlatforms) = preSolution
		Debug|x64 = Debug|x64
		Debug|x86 = Debug|x86
		Release|x64 = Release|x64
		Release|x86 = Release|x86
	EndGlobalSection
	GlobalSection(ProjectConfigurationPlatforms) = postSolution
		{CEF64395-00F9-4543-A402-17618FD8C1E6}.Debug|x64.ActiveCfg = Debug|x64
		{CEF64395-00F9-4543-A402-17618FD8C1E6}.Debug|x64.Build.0 = Debug|x64
		{CEF64395-00F9-4543-A402-17618FD8C1E6}.Debug|x86.ActiveCfg = Debug|Win32
		{CEF64395-00F9-4543-A402-17618FD8C1E6}.Debug|x86.Build.0 = Debug|Win32
		{CEF64395-00F9-4543-A402-17618FD8C1E6}.Release|x64.ActiveCfg = Release|x64
		{CEF64395-00F9-4543-A402-17618FD8C1E6}.Release|x64.Build.0 = Release|x64
		{CEF64395-00F9-4543-A402-17618FD8C1E6}.Release|x86.ActiveCfg = Release|Win32
		{CEF64395-00F9-4543-A402-17618FD8C1E6}.Release|x86.Build.0 = Release|Win32
	EndGlobalSection
	GlobalSection(SolutionProperties) = preSolution
		HideSolutionNode = FALSE
	EndGlobalSection
	GlobalSection(ExtensibilityGlobals) = postSolution
		SolutionGuid = {EAF16F36-2551-4BB8-B2A4-A54FC019BEBC}
	EndGlobalSection
EndGlobal
