
Microsoft Visual Studio Solution File, Format Version 12.00
# Visual Studio 15
VisualStudioVersion = 15.0.27130.2020
MinimumVisualStudioVersion = 10.0.40219.1
Project("{8BC9CEB8-8B4A-11D0-8D11-00A0C91BC942}") = "zad1", "zad1\zad1.vcxproj", "{086480BF-241E-4B1A-88A9-D59CBB1B35FB}"
EndProject
Global
	GlobalSection(SolutionConfigurationPlatforms) = preSolution
		Debug|x64 = Debug|x64
		Debug|x86 = Debug|x86
		Release|x64 = Release|x64
		Release|x86 = Release|x86
	EndGlobalSection
	GlobalSection(ProjectConfigurationPlatforms) = postSolution
		{086480BF-241E-4B1A-88A9-D59CBB1B35FB}.Debug|x64.ActiveCfg = Debug|x64
		{086480BF-241E-4B1A-88A9-D59CBB1B35FB}.Debug|x64.Build.0 = Debug|x64
		{086480BF-241E-4B1A-88A9-D59CBB1B35FB}.Debug|x86.ActiveCfg = Debug|Win32
		{086480BF-241E-4B1A-88A9-D59CBB1B35FB}.Debug|x86.Build.0 = Debug|Win32
		{086480BF-241E-4B1A-88A9-D59CBB1B35FB}.Release|x64.ActiveCfg = Release|x64
		{086480BF-241E-4B1A-88A9-D59CBB1B35FB}.Release|x64.Build.0 = Release|x64
		{086480BF-241E-4B1A-88A9-D59CBB1B35FB}.Release|x86.ActiveCfg = Release|Win32
		{086480BF-241E-4B1A-88A9-D59CBB1B35FB}.Release|x86.Build.0 = Release|Win32
	EndGlobalSection
	GlobalSection(SolutionProperties) = preSolution
		HideSolutionNode = FALSE
	EndGlobalSection
	GlobalSection(ExtensibilityGlobals) = postSolution
		SolutionGuid = {A00F2191-15D7-4CE4-8255-F82368ED90BB}
	EndGlobalSection
EndGlobal
