
Microsoft Visual Studio Solution File, Format Version 12.00
# Visual Studio 15
VisualStudioVersion = 15.0.27130.2020
MinimumVisualStudioVersion = 10.0.40219.1
Project("{8BC9CEB8-8B4A-11D0-8D11-00A0C91BC942}") = "zad3", "zad3\zad3.vcxproj", "{195868C7-C5A0-4556-B55C-414CAD6E426D}"
EndProject
Global
	GlobalSection(SolutionConfigurationPlatforms) = preSolution
		Debug|x64 = Debug|x64
		Debug|x86 = Debug|x86
		Release|x64 = Release|x64
		Release|x86 = Release|x86
	EndGlobalSection
	GlobalSection(ProjectConfigurationPlatforms) = postSolution
		{195868C7-C5A0-4556-B55C-414CAD6E426D}.Debug|x64.ActiveCfg = Debug|x64
		{195868C7-C5A0-4556-B55C-414CAD6E426D}.Debug|x64.Build.0 = Debug|x64
		{195868C7-C5A0-4556-B55C-414CAD6E426D}.Debug|x86.ActiveCfg = Debug|Win32
		{195868C7-C5A0-4556-B55C-414CAD6E426D}.Debug|x86.Build.0 = Debug|Win32
		{195868C7-C5A0-4556-B55C-414CAD6E426D}.Release|x64.ActiveCfg = Release|x64
		{195868C7-C5A0-4556-B55C-414CAD6E426D}.Release|x64.Build.0 = Release|x64
		{195868C7-C5A0-4556-B55C-414CAD6E426D}.Release|x86.ActiveCfg = Release|Win32
		{195868C7-C5A0-4556-B55C-414CAD6E426D}.Release|x86.Build.0 = Release|Win32
	EndGlobalSection
	GlobalSection(SolutionProperties) = preSolution
		HideSolutionNode = FALSE
	EndGlobalSection
	GlobalSection(ExtensibilityGlobals) = postSolution
		SolutionGuid = {2127FD3F-15F6-4B31-BCD5-EAC58F63C55B}
	EndGlobalSection
EndGlobal
