
Microsoft Visual Studio Solution File, Format Version 12.00
# Visual Studio 15
VisualStudioVersion = 15.0.27130.2020
MinimumVisualStudioVersion = 10.0.40219.1
Project("{8BC9CEB8-8B4A-11D0-8D11-00A0C91BC942}") = "zad2", "zad2\zad2.vcxproj", "{762CF77A-8127-43B3-9906-8CFC803ABE5A}"
EndProject
Global
	GlobalSection(SolutionConfigurationPlatforms) = preSolution
		Debug|x64 = Debug|x64
		Debug|x86 = Debug|x86
		Release|x64 = Release|x64
		Release|x86 = Release|x86
	EndGlobalSection
	GlobalSection(ProjectConfigurationPlatforms) = postSolution
		{762CF77A-8127-43B3-9906-8CFC803ABE5A}.Debug|x64.ActiveCfg = Debug|x64
		{762CF77A-8127-43B3-9906-8CFC803ABE5A}.Debug|x64.Build.0 = Debug|x64
		{762CF77A-8127-43B3-9906-8CFC803ABE5A}.Debug|x86.ActiveCfg = Debug|Win32
		{762CF77A-8127-43B3-9906-8CFC803ABE5A}.Debug|x86.Build.0 = Debug|Win32
		{762CF77A-8127-43B3-9906-8CFC803ABE5A}.Release|x64.ActiveCfg = Release|x64
		{762CF77A-8127-43B3-9906-8CFC803ABE5A}.Release|x64.Build.0 = Release|x64
		{762CF77A-8127-43B3-9906-8CFC803ABE5A}.Release|x86.ActiveCfg = Release|Win32
		{762CF77A-8127-43B3-9906-8CFC803ABE5A}.Release|x86.Build.0 = Release|Win32
	EndGlobalSection
	GlobalSection(SolutionProperties) = preSolution
		HideSolutionNode = FALSE
	EndGlobalSection
	GlobalSection(ExtensibilityGlobals) = postSolution
		SolutionGuid = {586AAAC5-9808-4292-B6C2-9A6138B7B9E0}
	EndGlobalSection
EndGlobal
