
Microsoft Visual Studio Solution File, Format Version 12.00
# Visual Studio 15
VisualStudioVersion = 15.0.27130.2020
MinimumVisualStudioVersion = 10.0.40219.1
Project("{8BC9CEB8-8B4A-11D0-8D11-00A0C91BC942}") = "zad2", "zad2\zad2.vcxproj", "{68B3F7AC-E026-45CF-A211-B9E96D1C706E}"
EndProject
Global
	GlobalSection(SolutionConfigurationPlatforms) = preSolution
		Debug|x64 = Debug|x64
		Debug|x86 = Debug|x86
		Release|x64 = Release|x64
		Release|x86 = Release|x86
	EndGlobalSection
	GlobalSection(ProjectConfigurationPlatforms) = postSolution
		{68B3F7AC-E026-45CF-A211-B9E96D1C706E}.Debug|x64.ActiveCfg = Debug|x64
		{68B3F7AC-E026-45CF-A211-B9E96D1C706E}.Debug|x64.Build.0 = Debug|x64
		{68B3F7AC-E026-45CF-A211-B9E96D1C706E}.Debug|x86.ActiveCfg = Debug|Win32
		{68B3F7AC-E026-45CF-A211-B9E96D1C706E}.Debug|x86.Build.0 = Debug|Win32
		{68B3F7AC-E026-45CF-A211-B9E96D1C706E}.Release|x64.ActiveCfg = Release|x64
		{68B3F7AC-E026-45CF-A211-B9E96D1C706E}.Release|x64.Build.0 = Release|x64
		{68B3F7AC-E026-45CF-A211-B9E96D1C706E}.Release|x86.ActiveCfg = Release|Win32
		{68B3F7AC-E026-45CF-A211-B9E96D1C706E}.Release|x86.Build.0 = Release|Win32
	EndGlobalSection
	GlobalSection(SolutionProperties) = preSolution
		HideSolutionNode = FALSE
	EndGlobalSection
	GlobalSection(ExtensibilityGlobals) = postSolution
		SolutionGuid = {A294D623-7BC2-411C-A9A6-D1A8D4CEEAAC}
	EndGlobalSection
EndGlobal
